
Microsoft Visual Studio Solution File, Format Version 12.00
# Visual Studio Version 17
VisualStudioVersion = 17.7.34031.279
MinimumVisualStudioVersion = 10.0.40219.1
Project("{888888A0-9F3D-457C-B088-3A5042F75D52}") = "자리배치프로그램", "자리배치프로그램.pyproj", "{6F4E51CB-FF17-4ECA-9081-E397C99AD14A}"
EndProject
Global
	GlobalSection(SolutionConfigurationPlatforms) = preSolution
		Debug|Any CPU = Debug|Any CPU
		Release|Any CPU = Release|Any CPU
	EndGlobalSection
	GlobalSection(ProjectConfigurationPlatforms) = postSolution
		{6F4E51CB-FF17-4ECA-9081-E397C99AD14A}.Debug|Any CPU.ActiveCfg = Debug|Any CPU
		{6F4E51CB-FF17-4ECA-9081-E397C99AD14A}.Release|Any CPU.ActiveCfg = Release|Any CPU
	EndGlobalSection
	GlobalSection(SolutionProperties) = preSolution
		HideSolutionNode = FALSE
	EndGlobalSection
	GlobalSection(ExtensibilityGlobals) = postSolution
		SolutionGuid = {AF9F9657-C6BC-4570-9D2B-0734A11C3137}
	EndGlobalSection
EndGlobal
